// !$*UTF8*$!
{
	archiveVersion = 1;
	classes = {
	};
	objectVersion = 55;
	objects = {

/* Begin PBXBuildFile section */
		9AC7099928D867500074DE7F /* AppDelegate.swift in Sources */ = {isa = PBXBuildFile; fileRef = 9AC7099828D867500074DE7F /* AppDelegate.swift */; };
		9AC7099B28D867500074DE7F /* SceneDelegate.swift in Sources */ = {isa = PBXBuildFile; fileRef = 9AC7099A28D867500074DE7F /* SceneDelegate.swift */; };
		9AC7099D28D867500074DE7F /* ViewController.swift in Sources */ = {isa = PBXBuildFile; fileRef = 9AC7099C28D867500074DE7F /* ViewController.swift */; };
		9AC709A028D867500074DE7F /* Main.storyboard in Resources */ = {isa = PBXBuildFile; fileRef = 9AC7099E28D867500074DE7F /* Main.storyboard */; };
		9AC709A228D867510074DE7F /* Assets.xcassets in Resources */ = {isa = PBXBuildFile; fileRef = 9AC709A128D867510074DE7F /* Assets.xcassets */; };
		9AC709A528D867510074DE7F /* LaunchScreen.storyboard in Resources */ = {isa = PBXBuildFile; fileRef = 9AC709A328D867510074DE7F /* LaunchScreen.storyboard */; };
		9AC709B028D867520074DE7F /* DemoGitHubProjectTests.swift in Sources */ = {isa = PBXBuildFile; fileRef = 9AC709AF28D867520074DE7F /* DemoGitHubProjectTests.swift */; };
		9AC709BA28D867520074DE7F /* DemoGitHubProjectUITests.swift in Sources */ = {isa = PBXBuildFile; fileRef = 9AC709B928D867520074DE7F /* DemoGitHubProjectUITests.swift */; };
		9AC709BC28D867520074DE7F /* DemoGitHubProjectUITestsLaunchTests.swift in Sources */ = {isa = PBXBuildFile; fileRef = 9AC709BB28D867520074DE7F /* DemoGitHubProjectUITestsLaunchTests.swift */; };
		9AC709CB28D877E10074DE7F /* testFile.swift in Sources */ = {isa = PBXBuildFile; fileRef = 9AC709CA28D877E10074DE7F /* testFile.swift */; };
/* End PBXBuildFile section */

/* Begin PBXContainerItemProxy section */
		9AC709AC28D867520074DE7F /* PBXContainerItemProxy */ = {
			isa = PBXContainerItemProxy;
			containerPortal = 9AC7098D28D867500074DE7F /* Project object */;
			proxyType = 1;
			remoteGlobalIDString = 9AC7099428D867500074DE7F;
			remoteInfo = DemoGitHubProject;
		};
		9AC709B628D867520074DE7F /* PBXContainerItemProxy */ = {
			isa = PBXContainerItemProxy;
			containerPortal = 9AC7098D28D867500074DE7F /* Project object */;
			proxyType = 1;
			remoteGlobalIDString = 9AC7099428D867500074DE7F;
			remoteInfo = DemoGitHubProject;
		};
/* End PBXContainerItemProxy section */

/* Begin PBXFileReference section */
		9AC7099528D867500074DE7F /* DemoGitHubProject.app */ = {isa = PBXFileReference; explicitFileType = wrapper.application; includeInIndex = 0; path = DemoGitHubProject.app; sourceTree = BUILT_PRODUCTS_DIR; };
		9AC7099828D867500074DE7F /* AppDelegate.swift */ = {isa = PBXFileReference; lastKnownFileType = sourcecode.swift; path = AppDelegate.swift; sourceTree = "<group>"; };
		9AC7099A28D867500074DE7F /* SceneDelegate.swift */ = {isa = PBXFileReference; lastKnownFileType = sourcecode.swift; path = SceneDelegate.swift; sourceTree = "<group>"; };
		9AC7099C28D867500074DE7F /* ViewController.swift */ = {isa = PBXFileReference; lastKnownFileType = sourcecode.swift; path = ViewController.swift; sourceTree = "<group>"; };
		9AC7099F28D867500074DE7F /* Base */ = {isa = PBXFileReference; lastKnownFileType = file.storyboard; name = Base; path = Base.lproj/Main.storyboard; sourceTree = "<group>"; };
		9AC709A128D867510074DE7F /* Assets.xcassets */ = {isa = PBXFileReference; lastKnownFileType = folder.assetcatalog; path = Assets.xcassets; sourceTree = "<group>"; };
		9AC709A428D867510074DE7F /* Base */ = {isa = PBXFileReference; lastKnownFileType = file.storyboard; name = Base; path = Base.lproj/LaunchScreen.storyboard; sourceTree = "<group>"; };
		9AC709A628D867510074DE7F /* Info.plist */ = {isa = PBXFileReference; lastKnownFileType = text.plist.xml; path = Info.plist; sourceTree = "<group>"; };
		9AC709AB28D867520074DE7F /* DemoGitHubProjectTests.xctest */ = {isa = PBXFileReference; explicitFileType = wrapper.cfbundle; includeInIndex = 0; path = DemoGitHubProjectTests.xctest; sourceTree = BUILT_PRODUCTS_DIR; };
		9AC709AF28D867520074DE7F /* DemoGitHubProjectTests.swift */ = {isa = PBXFileReference; lastKnownFileType = sourcecode.swift; path = DemoGitHubProjectTests.swift; sourceTree = "<group>"; };
		9AC709B528D867520074DE7F /* DemoGitHubProjectUITests.xctest */ = {isa = PBXFileReference; explicitFileType = wrapper.cfbundle; includeInIndex = 0; path = DemoGitHubProjectUITests.xctest; sourceTree = BUILT_PRODUCTS_DIR; };
		9AC709B928D867520074DE7F /* DemoGitHubProjectUITests.swift */ = {isa = PBXFileReference; lastKnownFileType = sourcecode.swift; path = DemoGitHubProjectUITests.swift; sourceTree = "<group>"; };
		9AC709BB28D867520074DE7F /* DemoGitHubProjectUITestsLaunchTests.swift */ = {isa = PBXFileReference; lastKnownFileType = sourcecode.swift; path = DemoGitHubProjectUITestsLaunchTests.swift; sourceTree = "<group>"; };
		9AC709CA28D877E10074DE7F /* testFile.swift */ = {isa = PBXFileReference; lastKnownFileType = sourcecode.swift; path = testFile.swift; sourceTree = "<group>"; };
/* End PBXFileReference section */

/* Begin PBXFrameworksBuildPhase section */
		9AC7099228D867500074DE7F /* Frameworks */ = {
			isa = PBXFrameworksBuildPhase;
			buildActionMask = 2147483647;
			files = (
			);
			runOnlyForDeploymentPostprocessing = 0;
		};
		9AC709A828D867520074DE7F /* Frameworks */ = {
			isa = PBXFrameworksBuildPhase;
			buildActionMask = 2147483647;
			files = (
			);
			runOnlyForDeploymentPostprocessing = 0;
		};
		9AC709B228D867520074DE7F /* Frameworks */ = {
			isa = PBXFrameworksBuildPhase;
			buildActionMask = 2147483647;
			files = (
			);
			runOnlyForDeploymentPostprocessing = 0;
		};
/* End PBXFrameworksBuildPhase section */

/* Begin PBXGroup section */
		9AC7098C28D867500074DE7F = {
			isa = PBXGroup;
			children = (
				9AC7099728D867500074DE7F /* DemoGitHubProject */,
				9AC709AE28D867520074DE7F /* DemoGitHubProjectTests */,
				9AC709B828D867520074DE7F /* DemoGitHubProjectUITests */,
				9AC7099628D867500074DE7F /* Products */,
			);
			sourceTree = "<group>";
		};
		9AC7099628D867500074DE7F /* Products */ = {
			isa = PBXGroup;
			children = (
				9AC7099528D867500074DE7F /* DemoGitHubProject.app */,
				9AC709AB28D867520074DE7F /* DemoGitHubProjectTests.xctest */,
				9AC709B528D867520074DE7F /* DemoGitHubProjectUITests.xctest */,
			);
			name = Products;
			sourceTree = "<group>";
		};
		9AC7099728D867500074DE7F /* DemoGitHubProject */ = {
			isa = PBXGroup;
			children = (
				9AC7099828D867500074DE7F /* AppDelegate.swift */,
				9AC7099A28D867500074DE7F /* SceneDelegate.swift */,
				9AC7099C28D867500074DE7F /* ViewController.swift */,
				9AC7099E28D867500074DE7F /* Main.storyboard */,
				9AC709A128D867510074DE7F /* Assets.xcassets */,
				9AC709A328D867510074DE7F /* LaunchScreen.storyboard */,
				9AC709A628D867510074DE7F /* Info.plist */,
				9AC709CA28D877E10074DE7F /* testFile.swift */,
			);
			path = DemoGitHubProject;
			sourceTree = "<group>";
		};
		9AC709AE28D867520074DE7F /* DemoGitHubProjectTests */ = {
			isa = PBXGroup;
			children = (
				9AC709AF28D867520074DE7F /* DemoGitHubProjectTests.swift */,
			);
			path = DemoGitHubProjectTests;
			sourceTree = "<group>";
		};
		9AC709B828D867520074DE7F /* DemoGitHubProjectUITests */ = {
			isa = PBXGroup;
			children = (
				9AC709B928D867520074DE7F /* DemoGitHubProjectUITests.swift */,
				9AC709BB28D867520074DE7F /* DemoGitHubProjectUITestsLaunchTests.swift */,
			);
			path = DemoGitHubProjectUITests;
			sourceTree = "<group>";
		};
/* End PBXGroup section */

/* Begin PBXNativeTarget section */
		9AC7099428D867500074DE7F /* DemoGitHubProject */ = {
			isa = PBXNativeTarget;
			buildConfigurationList = 9AC709BF28D867520074DE7F /* Build configuration list for PBXNativeTarget "DemoGitHubProject" */;
			buildPhases = (
				9AC7099128D867500074DE7F /* Sources */,
				9AC7099228D867500074DE7F /* Frameworks */,
				9AC7099328D867500074DE7F /* Resources */,
			);
			buildRules = (
			);
			dependencies = (
			);
			name = DemoGitHubProject;
			productName = DemoGitHubProject;
			productReference = 9AC7099528D867500074DE7F /* DemoGitHubProject.app */;
			productType = "com.apple.product-type.application";
		};
		9AC709AA28D867520074DE7F /* DemoGitHubProjectTests */ = {
			isa = PBXNativeTarget;
			buildConfigurationList = 9AC709C228D867520074DE7F /* Build configuration list for PBXNativeTarget "DemoGitHubProjectTests" */;
			buildPhases = (
				9AC709A728D867520074DE7F /* Sources */,
				9AC709A828D867520074DE7F /* Frameworks */,
				9AC709A928D867520074DE7F /* Resources */,
			);
			buildRules = (
			);
			dependencies = (
				9AC709AD28D867520074DE7F /* PBXTargetDependency */,
			);
			name = DemoGitHubProjectTests;
			productName = DemoGitHubProjectTests;
			productReference = 9AC709AB28D867520074DE7F /* DemoGitHubProjectTests.xctest */;
			productType = "com.apple.product-type.bundle.unit-test";
		};
		9AC709B428D867520074DE7F /* DemoGitHubProjectUITests */ = {
			isa = PBXNativeTarget;
			buildConfigurationList = 9AC709C528D867520074DE7F /* Build configuration list for PBXNativeTarget "DemoGitHubProjectUITests" */;
			buildPhases = (
				9AC709B128D867520074DE7F /* Sources */,
				9AC709B228D867520074DE7F /* Frameworks */,
				9AC709B328D867520074DE7F /* Resources */,
			);
			buildRules = (
			);
			dependencies = (
				9AC709B728D867520074DE7F /* PBXTargetDependency */,
			);
			name = DemoGitHubProjectUITests;
			productName = DemoGitHubProjectUITests;
			productReference = 9AC709B528D867520074DE7F /* DemoGitHubProjectUITests.xctest */;
			productType = "com.apple.product-type.bundle.ui-testing";
		};
/* End PBXNativeTarget section */

/* Begin PBXProject section */
		9AC7098D28D867500074DE7F /* Project object */ = {
			isa = PBXProject;
			attributes = {
				BuildIndependentTargetsInParallel = 1;
				LastSwiftUpdateCheck = 1320;
				LastUpgradeCheck = 1320;
				TargetAttributes = {
					9AC7099428D867500074DE7F = {
						CreatedOnToolsVersion = 13.2.1;
					};
					9AC709AA28D867520074DE7F = {
						CreatedOnToolsVersion = 13.2.1;
						TestTargetID = 9AC7099428D867500074DE7F;
					};
					9AC709B428D867520074DE7F = {
						CreatedOnToolsVersion = 13.2.1;
						TestTargetID = 9AC7099428D867500074DE7F;
					};
				};
			};
			buildConfigurationList = 9AC7099028D867500074DE7F /* Build configuration list for PBXProject "DemoGitHubProject" */;
			compatibilityVersion = "Xcode 13.0";
			developmentRegion = en;
			hasScannedForEncodings = 0;
			knownRegions = (
				en,
				Base,
			);
			mainGroup = 9AC7098C28D867500074DE7F;
			productRefGroup = 9AC7099628D867500074DE7F /* Products */;
			projectDirPath = "";
			projectRoot = "";
			targets = (
				9AC7099428D867500074DE7F /* DemoGitHubProject */,
				9AC709AA28D867520074DE7F /* DemoGitHubProjectTests */,
				9AC709B428D867520074DE7F /* DemoGitHubProjectUITests */,
			);
		};
/* End PBXProject section */

/* Begin PBXResourcesBuildPhase section */
		9AC7099328D867500074DE7F /* Resources */ = {
			isa = PBXResourcesBuildPhase;
			buildActionMask = 2147483647;
			files = (
				9AC709A528D867510074DE7F /* LaunchScreen.storyboard in Resources */,
				9AC709A228D867510074DE7F /* Assets.xcassets in Resources */,
				9AC709A028D867500074DE7F /* Main.storyboard in Resources */,
			);
			runOnlyForDeploymentPostprocessing = 0;
		};
		9AC709A928D867520074DE7F /* Resources */ = {
			isa = PBXResourcesBuildPhase;
			buildActionMask = 2147483647;
			files = (
			);
			runOnlyForDeploymentPostprocessing = 0;
		};
		9AC709B328D867520074DE7F /* Resources */ = {
			isa = PBXResourcesBuildPhase;
			buildActionMask = 2147483647;
			files = (
			);
			runOnlyForDeploymentPostprocessing = 0;
		};
/* End PBXResourcesBuildPhase section */

/* Begin PBXSourcesBuildPhase section */
		9AC7099128D867500074DE7F /* Sources */ = {
			isa = PBXSourcesBuildPhase;
			buildActionMask = 2147483647;
			files = (
				9AC7099D28D867500074DE7F /* ViewController.swift in Sources */,
				9AC709CB28D877E10074DE7F /* testFile.swift in Sources */,
				9AC7099928D867500074DE7F /* AppDelegate.swift in Sources */,
				9AC7099B28D867500074DE7F /* SceneDelegate.swift in Sources */,
			);
			runOnlyForDeploymentPostprocessing = 0;
		};
		9AC709A728D867520074DE7F /* Sources */ = {
			isa = PBXSourcesBuildPhase;
			buildActionMask = 2147483647;
			files = (
				9AC709B028D867520074DE7F /* DemoGitHubProjectTests.swift in Sources */,
			);
			runOnlyForDeploymentPostprocessing = 0;
		};
		9AC709B128D867520074DE7F /* Sources */ = {
			isa = PBXSourcesBuildPhase;
			buildActionMask = 2147483647;
			files = (
				9AC709BC28D867520074DE7F /* DemoGitHubProjectUITestsLaunchTests.swift in Sources */,
				9AC709BA28D867520074DE7F /* DemoGitHubProjectUITests.swift in Sources */,
			);
			runOnlyForDeploymentPostprocessing = 0;
		};
/* End PBXSourcesBuildPhase section */

/* Begin PBXTargetDependency section */
		9AC709AD28D867520074DE7F /* PBXTargetDependency */ = {
			isa = PBXTargetDependency;
			target = 9AC7099428D867500074DE7F /* DemoGitHubProject */;
			targetProxy = 9AC709AC28D867520074DE7F /* PBXContainerItemProxy */;
		};
		9AC709B728D867520074DE7F /* PBXTargetDependency */ = {
			isa = PBXTargetDependency;
			target = 9AC7099428D867500074DE7F /* DemoGitHubProject */;
			targetProxy = 9AC709B628D867520074DE7F /* PBXContainerItemProxy */;
		};
/* End PBXTargetDependency section */

/* Begin PBXVariantGroup section */
		9AC7099E28D867500074DE7F /* Main.storyboard */ = {
			isa = PBXVariantGroup;
			children = (
				9AC7099F28D867500074DE7F /* Base */,
			);
			name = Main.storyboard;
			sourceTree = "<group>";
		};
		9AC709A328D867510074DE7F /* LaunchScreen.storyboard */ = {
			isa = PBXVariantGroup;
			children = (
				9AC709A428D867510074DE7F /* Base */,
			);
			name = LaunchScreen.storyboard;
			sourceTree = "<group>";
		};
/* End PBXVariantGroup section */

/* Begin XCBuildConfiguration section */
		9AC709BD28D867520074DE7F /* Debug */ = {
			isa = XCBuildConfiguration;
			buildSettings = {
				ALWAYS_SEARCH_USER_PATHS = NO;
				CLANG_ANALYZER_NONNULL = YES;
				CLANG_ANALYZER_NUMBER_OBJECT_CONVERSION = YES_AGGRESSIVE;
				CLANG_CXX_LANGUAGE_STANDARD = "gnu++17";
				CLANG_CXX_LIBRARY = "libc++";
				CLANG_ENABLE_MODULES = YES;
				CLANG_ENABLE_OBJC_ARC = YES;
				CLANG_ENABLE_OBJC_WEAK = YES;
				CLANG_WARN_BLOCK_CAPTURE_AUTORELEASING = YES;
				CLANG_WARN_BOOL_CONVERSION = YES;
				CLANG_WARN_COMMA = YES;
				CLANG_WARN_CONSTANT_CONVERSION = YES;
				CLANG_WARN_DEPRECATED_OBJC_IMPLEMENTATIONS = YES;
				CLANG_WARN_DIRECT_OBJC_ISA_USAGE = YES_ERROR;
				CLANG_WARN_DOCUMENTATION_COMMENTS = YES;
				CLANG_WARN_EMPTY_BODY = YES;
				CLANG_WARN_ENUM_CONVERSION = YES;
				CLANG_WARN_INFINITE_RECURSION = YES;
				CLANG_WARN_INT_CONVERSION = YES;
				CLANG_WARN_NON_LITERAL_NULL_CONVERSION = YES;
				CLANG_WARN_OBJC_IMPLICIT_RETAIN_SELF = YES;
				CLANG_WARN_OBJC_LITERAL_CONVERSION = YES;
				CLANG_WARN_OBJC_ROOT_CLASS = YES_ERROR;
				CLANG_WARN_QUOTED_INCLUDE_IN_FRAMEWORK_HEADER = YES;
				CLANG_WARN_RANGE_LOOP_ANALYSIS = YES;
				CLANG_WARN_STRICT_PROTOTYPES = YES;
				CLANG_WARN_SUSPICIOUS_MOVE = YES;
				CLANG_WARN_UNGUARDED_AVAILABILITY = YES_AGGRESSIVE;
				CLANG_WARN_UNREACHABLE_CODE = YES;
				CLANG_WARN__DUPLICATE_METHOD_MATCH = YES;
				COPY_PHASE_STRIP = NO;
				DEBUG_INFORMATION_FORMAT = dwarf;
				ENABLE_STRICT_OBJC_MSGSEND = YES;
				ENABLE_TESTABILITY = YES;
				GCC_C_LANGUAGE_STANDARD = gnu11;
				GCC_DYNAMIC_NO_PIC = NO;
				GCC_NO_COMMON_BLOCKS = YES;
				GCC_OPTIMIZATION_LEVEL = 0;
				GCC_PREPROCESSOR_DEFINITIONS = (
					"DEBUG=1",
					"$(inherited)",
				);
				GCC_WARN_64_TO_32_BIT_CONVERSION = YES;
				GCC_WARN_ABOUT_RETURN_TYPE = YES_ERROR;
				GCC_WARN_UNDECLARED_SELECTOR = YES;
				GCC_WARN_UNINITIALIZED_AUTOS = YES_AGGRESSIVE;
				GCC_WARN_UNUSED_FUNCTION = YES;
				GCC_WARN_UNUSED_VARIABLE = YES;
				IPHONEOS_DEPLOYMENT_TARGET = 15.2;
				MTL_ENABLE_DEBUG_INFO = INCLUDE_SOURCE;
				MTL_FAST_MATH = YES;
				ONLY_ACTIVE_ARCH = YES;
				SDKROOT = iphoneos;
				SWIFT_ACTIVE_COMPILATION_CONDITIONS = DEBUG;
				SWIFT_OPTIMIZATION_LEVEL = "-Onone";
			};
			name = Debug;
		};
		9AC709BE28D867520074DE7F /* Release */ = {
			isa = XCBuildConfiguration;
			buildSettings = {
				ALWAYS_SEARCH_USER_PATHS = NO;
				CLANG_ANALYZER_NONNULL = YES;
				CLANG_ANALYZER_NUMBER_OBJECT_CONVERSION = YES_AGGRESSIVE;
				CLANG_CXX_LANGUAGE_STANDARD = "gnu++17";
				CLANG_CXX_LIBRARY = "libc++";
				CLANG_ENABLE_MODULES = YES;
				CLANG_ENABLE_OBJC_ARC = YES;
				CLANG_ENABLE_OBJC_WEAK = YES;
				CLANG_WARN_BLOCK_CAPTURE_AUTORELEASING = YES;
				CLANG_WARN_BOOL_CONVERSION = YES;
				CLANG_WARN_COMMA = YES;
				CLANG_WARN_CONSTANT_CONVERSION = YES;
				CLANG_WARN_DEPRECATED_OBJC_IMPLEMENTATIONS = YES;
				CLANG_WARN_DIRECT_OBJC_ISA_USAGE = YES_ERROR;
				CLANG_WARN_DOCUMENTATION_COMMENTS = YES;
				CLANG_WARN_EMPTY_BODY = YES;
				CLANG_WARN_ENUM_CONVERSION = YES;
				CLANG_WARN_INFINITE_RECURSION = YES;
				CLANG_WARN_INT_CONVERSION = YES;
				CLANG_WARN_NON_LITERAL_NULL_CONVERSION = YES;
				CLANG_WARN_OBJC_IMPLICIT_RETAIN_SELF = YES;
				CLANG_WARN_OBJC_LITERAL_CONVERSION = YES;
				CLANG_WARN_OBJC_ROOT_CLASS = YES_ERROR;
				CLANG_WARN_QUOTED_INCLUDE_IN_FRAMEWORK_HEADER = YES;
				CLANG_WARN_RANGE_LOOP_ANALYSIS = YES;
				CLANG_WARN_STRICT_PROTOTYPES = YES;
				CLANG_WARN_SUSPICIOUS_MOVE = YES;
				CLANG_WARN_UNGUARDED_AVAILABILITY = YES_AGGRESSIVE;
				CLANG_WARN_UNREACHABLE_CODE = YES;
				CLANG_WARN__DUPLICATE_METHOD_MATCH = YES;
				COPY_PHASE_STRIP = NO;
				DEBUG_INFORMATION_FORMAT = "dwarf-with-dsym";
				ENABLE_NS_ASSERTIONS = NO;
				ENABLE_STRICT_OBJC_MSGSEND = YES;
				GCC_C_LANGUAGE_STANDARD = gnu11;
				GCC_NO_COMMON_BLOCKS = YES;
				GCC_WARN_64_TO_32_BIT_CONVERSION = YES;
				GCC_WARN_ABOUT_RETURN_TYPE = YES_ERROR;
				GCC_WARN_UNDECLARED_SELECTOR = YES;
				GCC_WARN_UNINITIALIZED_AUTOS = YES_AGGRESSIVE;
				GCC_WARN_UNUSED_FUNCTION = YES;
				GCC_WARN_UNUSED_VARIABLE = YES;
				IPHONEOS_DEPLOYMENT_TARGET = 15.2;
				MTL_ENABLE_DEBUG_INFO = NO;
				MTL_FAST_MATH = YES;
				SDKROOT = iphoneos;
				SWIFT_COMPILATION_MODE = wholemodule;
				SWIFT_OPTIMIZATION_LEVEL = "-O";
				VALIDATE_PRODUCT = YES;
			};
			name = Release;
		};
		9AC709C028D867520074DE7F /* Debug */ = {
			isa = XCBuildConfiguration;
			buildSettings = {
				ASSETCATALOG_COMPILER_APPICON_NAME = AppIcon;
				ASSETCATALOG_COMPILER_GLOBAL_ACCENT_COLOR_NAME = AccentColor;
				CODE_SIGN_STYLE = Automatic;
				CURRENT_PROJECT_VERSION = 1;
				GENERATE_INFOPLIST_FILE = YES;
				INFOPLIST_FILE = DemoGitHubProject/Info.plist;
				INFOPLIST_KEY_UIApplicationSupportsIndirectInputEvents = YES;
				INFOPLIST_KEY_UILaunchStoryboardName = LaunchScreen;
				INFOPLIST_KEY_UIMainStoryboardFile = Main;
				INFOPLIST_KEY_UISupportedInterfaceOrientations_iPad = "UIInterfaceOrientationPortrait UIInterfaceOrientationPortraitUpsideDown UIInterfaceOrientationLandscapeLeft UIInterfaceOrientationLandscapeRight";
				INFOPLIST_KEY_UISupportedInterfaceOrientations_iPhone = "UIInterfaceOrientationPortrait UIInterfaceOrientationLandscapeLeft UIInterfaceOrientationLandscapeRight";
				LD_RUNPATH_SEARCH_PATHS = (
					"$(inherited)",
					"@executable_path/Frameworks",
				);
				MARKETING_VERSION = 1.0;
				PRODUCT_BUNDLE_IDENTIFIER = com.capgemini.DemoGitHubProject;
				PRODUCT_NAME = "$(TARGET_NAME)";
				SWIFT_EMIT_LOC_STRINGS = YES;
				SWIFT_VERSION = 5.0;
				TARGETED_DEVICE_FAMILY = "1,2";
			};
			name = Debug;
		};
		9AC709C128D867520074DE7F /* Release */ = {
			isa = XCBuildConfiguration;
			buildSettings = {
				ASSETCATALOG_COMPILER_APPICON_NAME = AppIcon;
				ASSETCATALOG_COMPILER_GLOBAL_ACCENT_COLOR_NAME = AccentColor;
				CODE_SIGN_STYLE = Automatic;
				CURRENT_PROJECT_VERSION = 1;
				GENERATE_INFOPLIST_FILE = YES;
				INFOPLIST_FILE = DemoGitHubProject/Info.plist;
				INFOPLIST_KEY_UIApplicationSupportsIndirectInputEvents = YES;
				INFOPLIST_KEY_UILaunchStoryboardName = LaunchScreen;
				INFOPLIST_KEY_UIMainStoryboardFile = Main;
				INFOPLIST_KEY_UISupportedInterfaceOrientations_iPad = "UIInterfaceOrientationPortrait UIInterfaceOrientationPortraitUpsideDown UIInterfaceOrientationLandscapeLeft UIInterfaceOrientationLandscapeRight";
				INFOPLIST_KEY_UISupportedInterfaceOrientations_iPhone = "UIInterfaceOrientationPortrait UIInterfaceOrientationLandscapeLeft UIInterfaceOrientationLandscapeRight";
				LD_RUNPATH_SEARCH_PATHS = (
					"$(inherited)",
					"@executable_path/Frameworks",
				);
				MARKETING_VERSION = 1.0;
				PRODUCT_BUNDLE_IDENTIFIER = com.capgemini.DemoGitHubProject;
				PRODUCT_NAME = "$(TARGET_NAME)";
				SWIFT_EMIT_LOC_STRINGS = YES;
				SWIFT_VERSION = 5.0;
				TARGETED_DEVICE_FAMILY = "1,2";
			};
			name = Release;
		};
		9AC709C328D867520074DE7F /* Debug */ = {
			isa = XCBuildConfiguration;
			buildSettings = {
				ALWAYS_EMBED_SWIFT_STANDARD_LIBRARIES = YES;
				BUNDLE_LOADER = "$(TEST_HOST)";
				CODE_SIGN_STYLE = Automatic;
				CURRENT_PROJECT_VERSION = 1;
				GENERATE_INFOPLIST_FILE = YES;
				IPHONEOS_DEPLOYMENT_TARGET = 15.2;
				MARKETING_VERSION = 1.0;
				PRODUCT_BUNDLE_IDENTIFIER = com.capgemini.DemoGitHubProjectTests;
				PRODUCT_NAME = "$(TARGET_NAME)";
				SWIFT_EMIT_LOC_STRINGS = NO;
				SWIFT_VERSION = 5.0;
				TARGETED_DEVICE_FAMILY = "1,2";
				TEST_HOST = "$(BUILT_PRODUCTS_DIR)/DemoGitHubProject.app/DemoGitHubProject";
			};
			name = Debug;
		};
		9AC709C428D867520074DE7F /* Release */ = {
			isa = XCBuildConfiguration;
			buildSettings = {
				ALWAYS_EMBED_SWIFT_STANDARD_LIBRARIES = YES;
				BUNDLE_LOADER = "$(TEST_HOST)";
				CODE_SIGN_STYLE = Automatic;
				CURRENT_PROJECT_VERSION = 1;
				GENERATE_INFOPLIST_FILE = YES;
				IPHONEOS_DEPLOYMENT_TARGET = 15.2;
				MARKETING_VERSION = 1.0;
				PRODUCT_BUNDLE_IDENTIFIER = com.capgemini.DemoGitHubProjectTests;
				PRODUCT_NAME = "$(TARGET_NAME)";
				SWIFT_EMIT_LOC_STRINGS = NO;
				SWIFT_VERSION = 5.0;
				TARGETED_DEVICE_FAMILY = "1,2";
				TEST_HOST = "$(BUILT_PRODUCTS_DIR)/DemoGitHubProject.app/DemoGitHubProject";
			};
			name = Release;
		};
		9AC709C628D867520074DE7F /* Debug */ = {
			isa = XCBuildConfiguration;
			buildSettings = {
				ALWAYS_EMBED_SWIFT_STANDARD_LIBRARIES = YES;
				CODE_SIGN_STYLE = Automatic;
				CURRENT_PROJECT_VERSION = 1;
				GENERATE_INFOPLIST_FILE = YES;
				MARKETING_VERSION = 1.0;
				PRODUCT_BUNDLE_IDENTIFIER = com.capgemini.DemoGitHubProjectUITests;
				PRODUCT_NAME = "$(TARGET_NAME)";
				SWIFT_EMIT_LOC_STRINGS = NO;
				SWIFT_VERSION = 5.0;
				TARGETED_DEVICE_FAMILY = "1,2";
				TEST_TARGET_NAME = DemoGitHubProject;
			};
			name = Debug;
		};
		9AC709C728D867520074DE7F /* Release */ = {
			isa = XCBuildConfiguration;
			buildSettings = {
				ALWAYS_EMBED_SWIFT_STANDARD_LIBRARIES = YES;
				CODE_SIGN_STYLE = Automatic;
				CURRENT_PROJECT_VERSION = 1;
				GENERATE_INFOPLIST_FILE = YES;
				MARKETING_VERSION = 1.0;
				PRODUCT_BUNDLE_IDENTIFIER = com.capgemini.DemoGitHubProjectUITests;
				PRODUCT_NAME = "$(TARGET_NAME)";
				SWIFT_EMIT_LOC_STRINGS = NO;
				SWIFT_VERSION = 5.0;
				TARGETED_DEVICE_FAMILY = "1,2";
				TEST_TARGET_NAME = DemoGitHubProject;
			};
			name = Release;
		};
/* End XCBuildConfiguration section */

/* Begin XCConfigurationList section */
		9AC7099028D867500074DE7F /* Build configuration list for PBXProject "DemoGitHubProject" */ = {
			isa = XCConfigurationList;
			buildConfigurations = (
				9AC709BD28D867520074DE7F /* Debug */,
				9AC709BE28D867520074DE7F /* Release */,
			);
			defaultConfigurationIsVisible = 0;
			defaultConfigurationName = Release;
		};
		9AC709BF28D867520074DE7F /* Build configuration list for PBXNativeTarget "DemoGitHubProject" */ = {
			isa = XCConfigurationList;
			buildConfigurations = (
				9AC709C028D867520074DE7F /* Debug */,
				9AC709C128D867520074DE7F /* Release */,
			);
			defaultConfigurationIsVisible = 0;
			defaultConfigurationName = Release;
		};
		9AC709C228D867520074DE7F /* Build configuration list for PBXNativeTarget "DemoGitHubProjectTests" */ = {
			isa = XCConfigurationList;
			buildConfigurations = (
				9AC709C328D867520074DE7F /* Debug */,
				9AC709C428D867520074DE7F /* Release */,
			);
			defaultConfigurationIsVisible = 0;
			defaultConfigurationName = Release;
		};
		9AC709C528D867520074DE7F /* Build configuration list for PBXNativeTarget "DemoGitHubProjectUITests" */ = {
			isa = XCConfigurationList;
			buildConfigurations = (
				9AC709C628D867520074DE7F /* Debug */,
				9AC709C728D867520074DE7F /* Release */,
			);
			defaultConfigurationIsVisible = 0;
			defaultConfigurationName = Release;
		};
/* End XCConfigurationList section */
	};
	rootObject = 9AC7098D28D867500074DE7F /* Project object */;
}
